
Microsoft Visual Studio Solution File, Format Version 12.00
# Visual Studio Version 16
VisualStudioVersion = 16.0.29728.190
MinimumVisualStudioVersion = 10.0.40219.1
Project("{FAE04EC0-301F-11D3-BF4B-00C04F79EFBC}") = "Calculator", "Calculator\Calculator.csproj", "{C3835C71-90B3-4C47-87C2-C2453A0AC65B}"
EndProject
Global
	GlobalSection(SolutionConfigurationPlatforms) = preSolution
		Debug|Any CPU = Debug|Any CPU
		Release|Any CPU = Release|Any CPU
	EndGlobalSection
	GlobalSection(ProjectConfigurationPlatforms) = postSolution
		{C3835C71-90B3-4C47-87C2-C2453A0AC65B}.Debug|Any CPU.ActiveCfg = Debug|Any CPU
		{C3835C71-90B3-4C47-87C2-C2453A0AC65B}.Debug|Any CPU.Build.0 = Debug|Any CPU
		{C3835C71-90B3-4C47-87C2-C2453A0AC65B}.Release|Any CPU.ActiveCfg = Release|Any CPU
		{C3835C71-90B3-4C47-87C2-C2453A0AC65B}.Release|Any CPU.Build.0 = Release|Any CPU
	EndGlobalSection
	GlobalSection(SolutionProperties) = preSolution
		HideSolutionNode = FALSE
	EndGlobalSection
	GlobalSection(ExtensibilityGlobals) = postSolution
		SolutionGuid = {0C6099BC-FF54-427E-B176-AC7C711E417C}
	EndGlobalSection
EndGlobal
